// !$*UTF8*$!
{
	archiveVersion = 1;
	classes = {
	};
	objectVersion = 50;
	objects = {

/* Begin PBXBuildFile section */
		A712ABD722DC7D7B000DA031 /* AppDelegate.swift in Sources */ = {isa = PBXBuildFile; fileRef = A712ABD622DC7D7B000DA031 /* AppDelegate.swift */; };
		A712ABD922DC7D7B000DA031 /* ViewController.swift in Sources */ = {isa = PBXBuildFile; fileRef = A712ABD822DC7D7B000DA031 /* ViewController.swift */; };
		A712ABDC22DC7D7B000DA031 /* Main.storyboard in Resources */ = {isa = PBXBuildFile; fileRef = A712ABDA22DC7D7B000DA031 /* Main.storyboard */; };
		A712ABDF22DC7D7B000DA031 /* _400_CoreData_08.xcdatamodeld in Sources */ = {isa = PBXBuildFile; fileRef = A712ABDD22DC7D7B000DA031 /* _400_CoreData_08.xcdatamodeld */; };
		A712ABE122DC7D7C000DA031 /* Assets.xcassets in Resources */ = {isa = PBXBuildFile; fileRef = A712ABE022DC7D7C000DA031 /* Assets.xcassets */; };
		A712ABE422DC7D7C000DA031 /* LaunchScreen.storyboard in Resources */ = {isa = PBXBuildFile; fileRef = A712ABE222DC7D7C000DA031 /* LaunchScreen.storyboard */; };
		A712ABED22DCB0DE000DA031 /* InforManager+CoreDataClass.swift in Sources */ = {isa = PBXBuildFile; fileRef = A712ABEB22DCB0DE000DA031 /* InforManager+CoreDataClass.swift */; };
		A712ABEE22DCB0DE000DA031 /* InforManager+CoreDataProperties.swift in Sources */ = {isa = PBXBuildFile; fileRef = A712ABEC22DCB0DE000DA031 /* InforManager+CoreDataProperties.swift */; };
		A712ABF222DCB137000DA031 /* MyViewController.swift in Sources */ = {isa = PBXBuildFile; fileRef = A712ABF122DCB137000DA031 /* MyViewController.swift */; };
		A712ABF422DCB150000DA031 /* MyTableViewCell.swift in Sources */ = {isa = PBXBuildFile; fileRef = A712ABF322DCB150000DA031 /* MyTableViewCell.swift */; };
		A712ABF822DCD641000DA031 /* TableViewController.swift in Sources */ = {isa = PBXBuildFile; fileRef = A712ABF722DCD641000DA031 /* TableViewController.swift */; };
/* End PBXBuildFile section */

/* Begin PBXFileReference section */
		A712ABD322DC7D7B000DA031 /* 3400 CoreData 08.app */ = {isa = PBXFileReference; explicitFileType = wrapper.application; includeInIndex = 0; path = "3400 CoreData 08.app"; sourceTree = BUILT_PRODUCTS_DIR; };
		A712ABD622DC7D7B000DA031 /* AppDelegate.swift */ = {isa = PBXFileReference; lastKnownFileType = sourcecode.swift; path = AppDelegate.swift; sourceTree = "<group>"; };
		A712ABD822DC7D7B000DA031 /* ViewController.swift */ = {isa = PBXFileReference; lastKnownFileType = sourcecode.swift; path = ViewController.swift; sourceTree = "<group>"; };
		A712ABDB22DC7D7B000DA031 /* Base */ = {isa = PBXFileReference; lastKnownFileType = file.storyboard; name = Base; path = Base.lproj/Main.storyboard; sourceTree = "<group>"; };
		A712ABDE22DC7D7B000DA031 /* _400_CoreData_08.xcdatamodel */ = {isa = PBXFileReference; lastKnownFileType = wrapper.xcdatamodel; path = _400_CoreData_08.xcdatamodel; sourceTree = "<group>"; };
		A712ABE022DC7D7C000DA031 /* Assets.xcassets */ = {isa = PBXFileReference; lastKnownFileType = folder.assetcatalog; path = Assets.xcassets; sourceTree = "<group>"; };
		A712ABE322DC7D7C000DA031 /* Base */ = {isa = PBXFileReference; lastKnownFileType = file.storyboard; name = Base; path = Base.lproj/LaunchScreen.storyboard; sourceTree = "<group>"; };
		A712ABE522DC7D7C000DA031 /* Info.plist */ = {isa = PBXFileReference; lastKnownFileType = text.plist.xml; path = Info.plist; sourceTree = "<group>"; };
		A712ABEB22DCB0DE000DA031 /* InforManager+CoreDataClass.swift */ = {isa = PBXFileReference; lastKnownFileType = sourcecode.swift; path = "InforManager+CoreDataClass.swift"; sourceTree = "<group>"; };
		A712ABEC22DCB0DE000DA031 /* InforManager+CoreDataProperties.swift */ = {isa = PBXFileReference; lastKnownFileType = sourcecode.swift; path = "InforManager+CoreDataProperties.swift"; sourceTree = "<group>"; };
		A712ABF122DCB137000DA031 /* MyViewController.swift */ = {isa = PBXFileReference; lastKnownFileType = sourcecode.swift; path = MyViewController.swift; sourceTree = "<group>"; };
		A712ABF322DCB150000DA031 /* MyTableViewCell.swift */ = {isa = PBXFileReference; lastKnownFileType = sourcecode.swift; path = MyTableViewCell.swift; sourceTree = "<group>"; };
		A712ABF722DCD641000DA031 /* TableViewController.swift */ = {isa = PBXFileReference; lastKnownFileType = sourcecode.swift; path = TableViewController.swift; sourceTree = "<group>"; };
/* End PBXFileReference section */

/* Begin PBXFrameworksBuildPhase section */
		A712ABD022DC7D7B000DA031 /* Frameworks */ = {
			isa = PBXFrameworksBuildPhase;
			buildActionMask = 2147483647;
			files = (
			);
			runOnlyForDeploymentPostprocessing = 0;
		};
/* End PBXFrameworksBuildPhase section */

/* Begin PBXGroup section */
		A712ABCA22DC7D7B000DA031 = {
			isa = PBXGroup;
			children = (
				A712ABD522DC7D7B000DA031 /* 3400 CoreData 08 */,
				A712ABD422DC7D7B000DA031 /* Products */,
			);
			sourceTree = "<group>";
		};
		A712ABD422DC7D7B000DA031 /* Products */ = {
			isa = PBXGroup;
			children = (
				A712ABD322DC7D7B000DA031 /* 3400 CoreData 08.app */,
			);
			name = Products;
			sourceTree = "<group>";
		};
		A712ABD522DC7D7B000DA031 /* 3400 CoreData 08 */ = {
			isa = PBXGroup;
			children = (
				A712ABF022DCB0F6000DA031 /* ViewController */,
				A712ABEF22DCB0ED000DA031 /* View */,
				A712ABEB22DCB0DE000DA031 /* InforManager+CoreDataClass.swift */,
				A712ABEC22DCB0DE000DA031 /* InforManager+CoreDataProperties.swift */,
				A712ABD622DC7D7B000DA031 /* AppDelegate.swift */,
				A712ABDA22DC7D7B000DA031 /* Main.storyboard */,
				A712ABE022DC7D7C000DA031 /* Assets.xcassets */,
				A712ABE222DC7D7C000DA031 /* LaunchScreen.storyboard */,
				A712ABE522DC7D7C000DA031 /* Info.plist */,
				A712ABDD22DC7D7B000DA031 /* _400_CoreData_08.xcdatamodeld */,
				A712ABF722DCD641000DA031 /* TableViewController.swift */,
			);
			path = "3400 CoreData 08";
			sourceTree = "<group>";
		};
		A712ABEF22DCB0ED000DA031 /* View */ = {
			isa = PBXGroup;
			children = (
				A712ABF322DCB150000DA031 /* MyTableViewCell.swift */,
			);
			path = View;
			sourceTree = "<group>";
		};
		A712ABF022DCB0F6000DA031 /* ViewController */ = {
			isa = PBXGroup;
			children = (
				A712ABF122DCB137000DA031 /* MyViewController.swift */,
				A712ABD822DC7D7B000DA031 /* ViewController.swift */,
			);
			path = ViewController;
			sourceTree = "<group>";
		};
/* End PBXGroup section */

/* Begin PBXNativeTarget section */
		A712ABD222DC7D7B000DA031 /* 3400 CoreData 08 */ = {
			isa = PBXNativeTarget;
			buildConfigurationList = A712ABE822DC7D7C000DA031 /* Build configuration list for PBXNativeTarget "3400 CoreData 08" */;
			buildPhases = (
				A712ABCF22DC7D7B000DA031 /* Sources */,
				A712ABD022DC7D7B000DA031 /* Frameworks */,
				A712ABD122DC7D7B000DA031 /* Resources */,
			);
			buildRules = (
			);
			dependencies = (
			);
			name = "3400 CoreData 08";
			productName = "3400 CoreData 08";
			productReference = A712ABD322DC7D7B000DA031 /* 3400 CoreData 08.app */;
			productType = "com.apple.product-type.application";
		};
/* End PBXNativeTarget section */

/* Begin PBXProject section */
		A712ABCB22DC7D7B000DA031 /* Project object */ = {
			isa = PBXProject;
			attributes = {
				LastSwiftUpdateCheck = 1020;
				LastUpgradeCheck = 1020;
				ORGANIZATIONNAME = truongquang;
				TargetAttributes = {
					A712ABD222DC7D7B000DA031 = {
						CreatedOnToolsVersion = 10.2.1;
					};
				};
			};
			buildConfigurationList = A712ABCE22DC7D7B000DA031 /* Build configuration list for PBXProject "3400 CoreData 08" */;
			compatibilityVersion = "Xcode 9.3";
			developmentRegion = en;
			hasScannedForEncodings = 0;
			knownRegions = (
				en,
				Base,
			);
			mainGroup = A712ABCA22DC7D7B000DA031;
			productRefGroup = A712ABD422DC7D7B000DA031 /* Products */;
			projectDirPath = "";
			projectRoot = "";
			targets = (
				A712ABD222DC7D7B000DA031 /* 3400 CoreData 08 */,
			);
		};
/* End PBXProject section */

/* Begin PBXResourcesBuildPhase section */
		A712ABD122DC7D7B000DA031 /* Resources */ = {
			isa = PBXResourcesBuildPhase;
			buildActionMask = 2147483647;
			files = (
				A712ABE422DC7D7C000DA031 /* LaunchScreen.storyboard in Resources */,
				A712ABE122DC7D7C000DA031 /* Assets.xcassets in Resources */,
				A712ABDC22DC7D7B000DA031 /* Main.storyboard in Resources */,
			);
			runOnlyForDeploymentPostprocessing = 0;
		};
/* End PBXResourcesBuildPhase section */

/* Begin PBXSourcesBuildPhase section */
		A712ABCF22DC7D7B000DA031 /* Sources */ = {
			isa = PBXSourcesBuildPhase;
			buildActionMask = 2147483647;
			files = (
				A712ABF422DCB150000DA031 /* MyTableViewCell.swift in Sources */,
				A712ABEE22DCB0DE000DA031 /* InforManager+CoreDataProperties.swift in Sources */,
				A712ABED22DCB0DE000DA031 /* InforManager+CoreDataClass.swift in Sources */,
				A712ABF822DCD641000DA031 /* TableViewController.swift in Sources */,
				A712ABD922DC7D7B000DA031 /* ViewController.swift in Sources */,
				A712ABD722DC7D7B000DA031 /* AppDelegate.swift in Sources */,
				A712ABF222DCB137000DA031 /* MyViewController.swift in Sources */,
				A712ABDF22DC7D7B000DA031 /* _400_CoreData_08.xcdatamodeld in Sources */,
			);
			runOnlyForDeploymentPostprocessing = 0;
		};
/* End PBXSourcesBuildPhase section */

/* Begin PBXVariantGroup section */
		A712ABDA22DC7D7B000DA031 /* Main.storyboard */ = {
			isa = PBXVariantGroup;
			children = (
				A712ABDB22DC7D7B000DA031 /* Base */,
			);
			name = Main.storyboard;
			sourceTree = "<group>";
		};
		A712ABE222DC7D7C000DA031 /* LaunchScreen.storyboard */ = {
			isa = PBXVariantGroup;
			children = (
				A712ABE322DC7D7C000DA031 /* Base */,
			);
			name = LaunchScreen.storyboard;
			sourceTree = "<group>";
		};
/* End PBXVariantGroup section */

/* Begin XCBuildConfiguration section */
		A712ABE622DC7D7C000DA031 /* Debug */ = {
			isa = XCBuildConfiguration;
			buildSettings = {
				ALWAYS_SEARCH_USER_PATHS = NO;
				CLANG_ANALYZER_NONNULL = YES;
				CLANG_ANALYZER_NUMBER_OBJECT_CONVERSION = YES_AGGRESSIVE;
				CLANG_CXX_LANGUAGE_STANDARD = "gnu++14";
				CLANG_CXX_LIBRARY = "libc++";
				CLANG_ENABLE_MODULES = YES;
				CLANG_ENABLE_OBJC_ARC = YES;
				CLANG_ENABLE_OBJC_WEAK = YES;
				CLANG_WARN_BLOCK_CAPTURE_AUTORELEASING = YES;
				CLANG_WARN_BOOL_CONVERSION = YES;
				CLANG_WARN_COMMA = YES;
				CLANG_WARN_CONSTANT_CONVERSION = YES;
				CLANG_WARN_DEPRECATED_OBJC_IMPLEMENTATIONS = YES;
				CLANG_WARN_DIRECT_OBJC_ISA_USAGE = YES_ERROR;
				CLANG_WARN_DOCUMENTATION_COMMENTS = YES;
				CLANG_WARN_EMPTY_BODY = YES;
				CLANG_WARN_ENUM_CONVERSION = YES;
				CLANG_WARN_INFINITE_RECURSION = YES;
				CLANG_WARN_INT_CONVERSION = YES;
				CLANG_WARN_NON_LITERAL_NULL_CONVERSION = YES;
				CLANG_WARN_OBJC_IMPLICIT_RETAIN_SELF = YES;
				CLANG_WARN_OBJC_LITERAL_CONVERSION = YES;
				CLANG_WARN_OBJC_ROOT_CLASS = YES_ERROR;
				CLANG_WARN_RANGE_LOOP_ANALYSIS = YES;
				CLANG_WARN_STRICT_PROTOTYPES = YES;
				CLANG_WARN_SUSPICIOUS_MOVE = YES;
				CLANG_WARN_UNGUARDED_AVAILABILITY = YES_AGGRESSIVE;
				CLANG_WARN_UNREACHABLE_CODE = YES;
				CLANG_WARN__DUPLICATE_METHOD_MATCH = YES;
				CODE_SIGN_IDENTITY = "iPhone Developer";
				COPY_PHASE_STRIP = NO;
				DEBUG_INFORMATION_FORMAT = dwarf;
				ENABLE_STRICT_OBJC_MSGSEND = YES;
				ENABLE_TESTABILITY = YES;
				GCC_C_LANGUAGE_STANDARD = gnu11;
				GCC_DYNAMIC_NO_PIC = NO;
				GCC_NO_COMMON_BLOCKS = YES;
				GCC_OPTIMIZATION_LEVEL = 0;
				GCC_PREPROCESSOR_DEFINITIONS = (
					"DEBUG=1",
					"$(inherited)",
				);
				GCC_WARN_64_TO_32_BIT_CONVERSION = YES;
				GCC_WARN_ABOUT_RETURN_TYPE = YES_ERROR;
				GCC_WARN_UNDECLARED_SELECTOR = YES;
				GCC_WARN_UNINITIALIZED_AUTOS = YES_AGGRESSIVE;
				GCC_WARN_UNUSED_FUNCTION = YES;
				GCC_WARN_UNUSED_VARIABLE = YES;
				IPHONEOS_DEPLOYMENT_TARGET = 12.2;
				MTL_ENABLE_DEBUG_INFO = INCLUDE_SOURCE;
				MTL_FAST_MATH = YES;
				ONLY_ACTIVE_ARCH = YES;
				SDKROOT = iphoneos;
				SWIFT_ACTIVE_COMPILATION_CONDITIONS = DEBUG;
				SWIFT_OPTIMIZATION_LEVEL = "-Onone";
			};
			name = Debug;
		};
		A712ABE722DC7D7C000DA031 /* Release */ = {
			isa = XCBuildConfiguration;
			buildSettings = {
				ALWAYS_SEARCH_USER_PATHS = NO;
				CLANG_ANALYZER_NONNULL = YES;
				CLANG_ANALYZER_NUMBER_OBJECT_CONVERSION = YES_AGGRESSIVE;
				CLANG_CXX_LANGUAGE_STANDARD = "gnu++14";
				CLANG_CXX_LIBRARY = "libc++";
				CLANG_ENABLE_MODULES = YES;
				CLANG_ENABLE_OBJC_ARC = YES;
				CLANG_ENABLE_OBJC_WEAK = YES;
				CLANG_WARN_BLOCK_CAPTURE_AUTORELEASING = YES;
				CLANG_WARN_BOOL_CONVERSION = YES;
				CLANG_WARN_COMMA = YES;
				CLANG_WARN_CONSTANT_CONVERSION = YES;
				CLANG_WARN_DEPRECATED_OBJC_IMPLEMENTATIONS = YES;
				CLANG_WARN_DIRECT_OBJC_ISA_USAGE = YES_ERROR;
				CLANG_WARN_DOCUMENTATION_COMMENTS = YES;
				CLANG_WARN_EMPTY_BODY = YES;
				CLANG_WARN_ENUM_CONVERSION = YES;
				CLANG_WARN_INFINITE_RECURSION = YES;
				CLANG_WARN_INT_CONVERSION = YES;
				CLANG_WARN_NON_LITERAL_NULL_CONVERSION = YES;
				CLANG_WARN_OBJC_IMPLICIT_RETAIN_SELF = YES;
				CLANG_WARN_OBJC_LITERAL_CONVERSION = YES;
				CLANG_WARN_OBJC_ROOT_CLASS = YES_ERROR;
				CLANG_WARN_RANGE_LOOP_ANALYSIS = YES;
				CLANG_WARN_STRICT_PROTOTYPES = YES;
				CLANG_WARN_SUSPICIOUS_MOVE = YES;
				CLANG_WARN_UNGUARDED_AVAILABILITY = YES_AGGRESSIVE;
				CLANG_WARN_UNREACHABLE_CODE = YES;
				CLANG_WARN__DUPLICATE_METHOD_MATCH = YES;
				CODE_SIGN_IDENTITY = "iPhone Developer";
				COPY_PHASE_STRIP = NO;
				DEBUG_INFORMATION_FORMAT = "dwarf-with-dsym";
				ENABLE_NS_ASSERTIONS = NO;
				ENABLE_STRICT_OBJC_MSGSEND = YES;
				GCC_C_LANGUAGE_STANDARD = gnu11;
				GCC_NO_COMMON_BLOCKS = YES;
				GCC_WARN_64_TO_32_BIT_CONVERSION = YES;
				GCC_WARN_ABOUT_RETURN_TYPE = YES_ERROR;
				GCC_WARN_UNDECLARED_SELECTOR = YES;
				GCC_WARN_UNINITIALIZED_AUTOS = YES_AGGRESSIVE;
				GCC_WARN_UNUSED_FUNCTION = YES;
				GCC_WARN_UNUSED_VARIABLE = YES;
				IPHONEOS_DEPLOYMENT_TARGET = 12.2;
				MTL_ENABLE_DEBUG_INFO = NO;
				MTL_FAST_MATH = YES;
				SDKROOT = iphoneos;
				SWIFT_COMPILATION_MODE = wholemodule;
				SWIFT_OPTIMIZATION_LEVEL = "-O";
				VALIDATE_PRODUCT = YES;
			};
			name = Release;
		};
		A712ABE922DC7D7C000DA031 /* Debug */ = {
			isa = XCBuildConfiguration;
			buildSettings = {
				ASSETCATALOG_COMPILER_APPICON_NAME = AppIcon;
				CODE_SIGN_STYLE = Automatic;
				INFOPLIST_FILE = "3400 CoreData 08/Info.plist";
				LD_RUNPATH_SEARCH_PATHS = (
					"$(inherited)",
					"@executable_path/Frameworks",
				);
				PRODUCT_BUNDLE_IDENTIFIER = "truongquang.-400-CoreData-08";
				PRODUCT_NAME = "$(TARGET_NAME)";
				SWIFT_VERSION = 5.0;
				TARGETED_DEVICE_FAMILY = "1,2";
			};
			name = Debug;
		};
		A712ABEA22DC7D7C000DA031 /* Release */ = {
			isa = XCBuildConfiguration;
			buildSettings = {
				ASSETCATALOG_COMPILER_APPICON_NAME = AppIcon;
				CODE_SIGN_STYLE = Automatic;
				INFOPLIST_FILE = "3400 CoreData 08/Info.plist";
				LD_RUNPATH_SEARCH_PATHS = (
					"$(inherited)",
					"@executable_path/Frameworks",
				);
				PRODUCT_BUNDLE_IDENTIFIER = "truongquang.-400-CoreData-08";
				PRODUCT_NAME = "$(TARGET_NAME)";
				SWIFT_VERSION = 5.0;
				TARGETED_DEVICE_FAMILY = "1,2";
			};
			name = Release;
		};
/* End XCBuildConfiguration section */

/* Begin XCConfigurationList section */
		A712ABCE22DC7D7B000DA031 /* Build configuration list for PBXProject "3400 CoreData 08" */ = {
			isa = XCConfigurationList;
			buildConfigurations = (
				A712ABE622DC7D7C000DA031 /* Debug */,
				A712ABE722DC7D7C000DA031 /* Release */,
			);
			defaultConfigurationIsVisible = 0;
			defaultConfigurationName = Release;
		};
		A712ABE822DC7D7C000DA031 /* Build configuration list for PBXNativeTarget "3400 CoreData 08" */ = {
			isa = XCConfigurationList;
			buildConfigurations = (
				A712ABE922DC7D7C000DA031 /* Debug */,
				A712ABEA22DC7D7C000DA031 /* Release */,
			);
			defaultConfigurationIsVisible = 0;
			defaultConfigurationName = Release;
		};
/* End XCConfigurationList section */

/* Begin XCVersionGroup section */
		A712ABDD22DC7D7B000DA031 /* _400_CoreData_08.xcdatamodeld */ = {
			isa = XCVersionGroup;
			children = (
				A712ABDE22DC7D7B000DA031 /* _400_CoreData_08.xcdatamodel */,
			);
			currentVersion = A712ABDE22DC7D7B000DA031 /* _400_CoreData_08.xcdatamodel */;
			path = _400_CoreData_08.xcdatamodeld;
			sourceTree = "<group>";
			versionGroupType = wrapper.xcdatamodel;
		};
/* End XCVersionGroup section */
	};
	rootObject = A712ABCB22DC7D7B000DA031 /* Project object */;
}
